
Microsoft Visual Studio Solution File, Format Version 12.00
# Visual Studio Version 17
VisualStudioVersion = 17.10.35027.167
MinimumVisualStudioVersion = 10.0.40219.1
Project("{FAE04EC0-301F-11D3-BF4B-00C04F79EFBC}") = "EduQuestSystem", "EduQuestSystem\EduQuestSystem.csproj", "{235912CA-4AB2-4E5D-BADA-683D6EB62E42}"
EndProject
Project("{FAE04EC0-301F-11D3-BF4B-00C04F79EFBC}") = "Model", "Model\Model.csproj", "{7F950A91-9EAC-41C9-B850-70328839738E}"
EndProject
Project("{FAE04EC0-301F-11D3-BF4B-00C04F79EFBC}") = "Interface", "Interface\Interface.csproj", "{811E0BCB-62CB-44E4-9A52-C92516385FB3}"
EndProject
Project("{FAE04EC0-301F-11D3-BF4B-00C04F79EFBC}") = "Service", "Service\Service.csproj", "{D3488924-0627-4575-9B41-6288276C84FE}"
EndProject
Project("{FAE04EC0-301F-11D3-BF4B-00C04F79EFBC}") = "EntityFrameworkCore", "EntityFrameworkCore\EntityFrameworkCore.csproj", "{41D1B927-96AC-48FC-ADC1-2125253FEF47}"
EndProject
Project("{FAE04EC0-301F-11D3-BF4B-00C04F79EFBC}") = "Common", "Common\Common.csproj", "{C978E1F3-866E-40C5-9F70-A0C6B57B4ACF}"
EndProject
Global
	GlobalSection(SolutionConfigurationPlatforms) = preSolution
		Debug|Any CPU = Debug|Any CPU
		Release|Any CPU = Release|Any CPU
	EndGlobalSection
	GlobalSection(ProjectConfigurationPlatforms) = postSolution
		{235912CA-4AB2-4E5D-BADA-683D6EB62E42}.Debug|Any CPU.ActiveCfg = Debug|Any CPU
		{235912CA-4AB2-4E5D-BADA-683D6EB62E42}.Debug|Any CPU.Build.0 = Debug|Any CPU
		{235912CA-4AB2-4E5D-BADA-683D6EB62E42}.Release|Any CPU.ActiveCfg = Release|Any CPU
		{235912CA-4AB2-4E5D-BADA-683D6EB62E42}.Release|Any CPU.Build.0 = Release|Any CPU
		{7F950A91-9EAC-41C9-B850-70328839738E}.Debug|Any CPU.ActiveCfg = Debug|Any CPU
		{7F950A91-9EAC-41C9-B850-70328839738E}.Debug|Any CPU.Build.0 = Debug|Any CPU
		{7F950A91-9EAC-41C9-B850-70328839738E}.Release|Any CPU.ActiveCfg = Release|Any CPU
		{7F950A91-9EAC-41C9-B850-70328839738E}.Release|Any CPU.Build.0 = Release|Any CPU
		{811E0BCB-62CB-44E4-9A52-C92516385FB3}.Debug|Any CPU.ActiveCfg = Debug|Any CPU
		{811E0BCB-62CB-44E4-9A52-C92516385FB3}.Debug|Any CPU.Build.0 = Debug|Any CPU
		{811E0BCB-62CB-44E4-9A52-C92516385FB3}.Release|Any CPU.ActiveCfg = Release|Any CPU
		{811E0BCB-62CB-44E4-9A52-C92516385FB3}.Release|Any CPU.Build.0 = Release|Any CPU
		{D3488924-0627-4575-9B41-6288276C84FE}.Debug|Any CPU.ActiveCfg = Debug|Any CPU
		{D3488924-0627-4575-9B41-6288276C84FE}.Debug|Any CPU.Build.0 = Debug|Any CPU
		{D3488924-0627-4575-9B41-6288276C84FE}.Release|Any CPU.ActiveCfg = Release|Any CPU
		{D3488924-0627-4575-9B41-6288276C84FE}.Release|Any CPU.Build.0 = Release|Any CPU
		{41D1B927-96AC-48FC-ADC1-2125253FEF47}.Debug|Any CPU.ActiveCfg = Debug|Any CPU
		{41D1B927-96AC-48FC-ADC1-2125253FEF47}.Debug|Any CPU.Build.0 = Debug|Any CPU
		{41D1B927-96AC-48FC-ADC1-2125253FEF47}.Release|Any CPU.ActiveCfg = Release|Any CPU
		{41D1B927-96AC-48FC-ADC1-2125253FEF47}.Release|Any CPU.Build.0 = Release|Any CPU
		{C978E1F3-866E-40C5-9F70-A0C6B57B4ACF}.Debug|Any CPU.ActiveCfg = Debug|Any CPU
		{C978E1F3-866E-40C5-9F70-A0C6B57B4ACF}.Debug|Any CPU.Build.0 = Debug|Any CPU
		{C978E1F3-866E-40C5-9F70-A0C6B57B4ACF}.Release|Any CPU.ActiveCfg = Release|Any CPU
		{C978E1F3-866E-40C5-9F70-A0C6B57B4ACF}.Release|Any CPU.Build.0 = Release|Any CPU
	EndGlobalSection
	GlobalSection(SolutionProperties) = preSolution
		HideSolutionNode = FALSE
	EndGlobalSection
	GlobalSection(ExtensibilityGlobals) = postSolution
		SolutionGuid = {DB65E7B8-709A-44C1-8E04-6BE7895280C5}
	EndGlobalSection
EndGlobal
